Microsoft Visual Studio Solution File, Format Version 11.00
# Visual Studio 2008

Project("{C4C306DB-EF58-A694-B1D3-CD5D7DE192AA}") = "EarthShaker", "Assembly-CSharp-firstpass-vs.csproj", "{3913E0A7-F270-66C1-ABB6-41AA041191B7}"
EndProject
Project("{C4C306DB-EF58-A694-B1D3-CD5D7DE192AA}") = "EarthShaker", "Assembly-CSharp-vs.csproj", "{AB19E8B0-4288-590B-CE11-47874CB2AAC7}"
EndProject
Global
	GlobalSection(SolutionConfigurationPlatforms) = preSolution
		Debug|Any CPU = Debug|Any CPU
		Release|Any CPU = Release|Any CPU
	EndGlobalSection
	GlobalSection(ProjectConfigurationPlatforms) = postSolution
		{3913E0A7-F270-66C1-ABB6-41AA041191B7}.Debug|Any CPU.ActiveCfg = Debug|Any CPU
		{3913E0A7-F270-66C1-ABB6-41AA041191B7}.Debug|Any CPU.Build.0 = Debug|Any CPU
		{3913E0A7-F270-66C1-ABB6-41AA041191B7}.Release|Any CPU.ActiveCfg = Release|Any CPU
		{3913E0A7-F270-66C1-ABB6-41AA041191B7}.Release|Any CPU.Build.0 = Release|Any CPU
		{AB19E8B0-4288-590B-CE11-47874CB2AAC7}.Debug|Any CPU.ActiveCfg = Debug|Any CPU
		{AB19E8B0-4288-590B-CE11-47874CB2AAC7}.Debug|Any CPU.Build.0 = Debug|Any CPU
		{AB19E8B0-4288-590B-CE11-47874CB2AAC7}.Release|Any CPU.ActiveCfg = Release|Any CPU
		{AB19E8B0-4288-590B-CE11-47874CB2AAC7}.Release|Any CPU.Build.0 = Release|Any CPU
	EndGlobalSection
	GlobalSection(SolutionProperties) = preSolution
		HideSolutionNode = FALSE
	EndGlobalSection
					GlobalSection(MonoDevelopProperties) = preSolution
		StartupItem = Assembly-CSharp.csproj
		Policies = $0
		$0.TextStylePolicy = $1
		$1.inheritsSet = null
		$1.scope = text/x-csharp
		$0.CSharpFormattingPolicy = $2
		$2.inheritsSet = Mono
		$2.inheritsScope = text/x-csharp
		$2.scope = text/x-csharp
		$0.TextStylePolicy = $3
		$3.FileWidth = 120
		$3.TabWidth = 4
		$3.IndentWidth = 4
		$3.EolMarker = Unix
		$3.inheritsSet = Mono
		$3.inheritsScope = text/plain
		$3.scope = text/plain
	EndGlobalSection

EndGlobal
