
Microsoft Visual Studio Solution File, Format Version 12.00
# Visual Studio 2013
Project("{FAE04EC0-301F-11D3-BF4B-00C04F79EFBC}") = "UnityVS.EarthShaker.CSharp", "UnityVS.EarthShaker.CSharp.csproj", "{1DE7796A-9F3D-0ECD-A4D4-362C9A2B3D7E}"
EndProject
Project("{FAE04EC0-301F-11D3-BF4B-00C04F79EFBC}") = "UnityVS.EarthShaker.CSharp.Plugins", "UnityVS.EarthShaker.CSharp.Plugins.csproj", "{660DB025-6B95-B55E-E72A-4C80DB76084F}"
EndProject
Global
	GlobalSection(SolutionConfigurationPlatforms) = preSolution
		Debug|Any CPU = Debug|Any CPU
		Release|Any CPU = Release|Any CPU
	EndGlobalSection
	GlobalSection(ProjectConfigurationPlatforms) = postSolution
		{1DE7796A-9F3D-0ECD-A4D4-362C9A2B3D7E}.Debug|Any CPU.ActiveCfg = Debug|Any CPU
		{1DE7796A-9F3D-0ECD-A4D4-362C9A2B3D7E}.Debug|Any CPU.Build.0 = Debug|Any CPU
		{1DE7796A-9F3D-0ECD-A4D4-362C9A2B3D7E}.Release|Any CPU.ActiveCfg = Release|Any CPU
		{1DE7796A-9F3D-0ECD-A4D4-362C9A2B3D7E}.Release|Any CPU.Build.0 = Release|Any CPU
		{660DB025-6B95-B55E-E72A-4C80DB76084F}.Debug|Any CPU.ActiveCfg = Debug|Any CPU
		{660DB025-6B95-B55E-E72A-4C80DB76084F}.Debug|Any CPU.Build.0 = Debug|Any CPU
		{660DB025-6B95-B55E-E72A-4C80DB76084F}.Release|Any CPU.ActiveCfg = Release|Any CPU
		{660DB025-6B95-B55E-E72A-4C80DB76084F}.Release|Any CPU.Build.0 = Release|Any CPU
	EndGlobalSection
	GlobalSection(SolutionProperties) = preSolution
		HideSolutionNode = FALSE
	EndGlobalSection
EndGlobal
